
Microsoft Visual Studio Solution File, Format Version 12.00
# Visual Studio Version 16
VisualStudioVersion = 16.0.32106.194
MinimumVisualStudioVersion = 10.0.40219.1
Project("{FAE04EC0-301F-11D3-BF4B-00C04F79EFBC}") = "Localization", "Localization.csproj", "{FFC88705-B293-42A9-935D-86EC12279C6A}"
EndProject
Global
	GlobalSection(SolutionConfigurationPlatforms) = preSolution
		Debug|Any CPU = Debug|Any CPU
		Release|Any CPU = Release|Any CPU
	EndGlobalSection
	GlobalSection(ProjectConfigurationPlatforms) = postSolution
		{FFC88705-B293-42A9-935D-86EC12279C6A}.Debug|Any CPU.ActiveCfg = Debug|Any CPU
		{FFC88705-B293-42A9-935D-86EC12279C6A}.Debug|Any CPU.Build.0 = Debug|Any CPU
		{FFC88705-B293-42A9-935D-86EC12279C6A}.Debug|Any CPU.Deploy.0 = Debug|Any CPU
		{FFC88705-B293-42A9-935D-86EC12279C6A}.Release|Any CPU.ActiveCfg = Release|Any CPU
		{FFC88705-B293-42A9-935D-86EC12279C6A}.Release|Any CPU.Build.0 = Release|Any CPU
		{FFC88705-B293-42A9-935D-86EC12279C6A}.Release|Any CPU.Deploy.0 = Release|Any CPU
	EndGlobalSection
	GlobalSection(SolutionProperties) = preSolution
		HideSolutionNode = FALSE
	EndGlobalSection
	GlobalSection(ExtensibilityGlobals) = postSolution
		SolutionGuid = {71150644-7640-4C99-A853-436A04D6E4B9}
	EndGlobalSection
EndGlobal
